Microsoft Visual Studio Solution File, Format Version 12.00
# Visual Studio Version 17
VisualStudioVersion = 17.5.2.0
MinimumVisualStudioVersion = 10.0.40219.1
Project("{FAE04EC0-301F-11D3-BF4B-00C04F79EFBC}") = "Hospital_simple", "Hospital_simple.csproj", "{58509DA3-D63F-FAA5-60D1-01BA750B6CE1}"
EndProject
Global
	GlobalSection(SolutionConfigurationPlatforms) = preSolution
		Debug|Any CPU = Debug|Any CPU
		Release|Any CPU = Release|Any CPU
	EndGlobalSection
	GlobalSection(ProjectConfigurationPlatforms) = postSolution
		{58509DA3-D63F-FAA5-60D1-01BA750B6CE1}.Debug|Any CPU.ActiveCfg = Debug|Any CPU
		{58509DA3-D63F-FAA5-60D1-01BA750B6CE1}.Debug|Any CPU.Build.0 = Debug|Any CPU
		{58509DA3-D63F-FAA5-60D1-01BA750B6CE1}.Release|Any CPU.ActiveCfg = Release|Any CPU
		{58509DA3-D63F-FAA5-60D1-01BA750B6CE1}.Release|Any CPU.Build.0 = Release|Any CPU
	EndGlobalSection
	GlobalSection(SolutionProperties) = preSolution
		HideSolutionNode = FALSE
	EndGlobalSection
	GlobalSection(ExtensibilityGlobals) = postSolution
		SolutionGuid = {5BC19F06-A31C-4D6F-B572-EA809CA662BB}
	EndGlobalSection
EndGlobal
